
Microsoft Visual Studio Solution File, Format Version 12.00
# Visual Studio 15
VisualStudioVersion = 15.0.28010.2041
MinimumVisualStudioVersion = 10.0.40219.1
Project("{FAE04EC0-301F-11D3-BF4B-00C04F79EFBC}") = "Televideo", "Televideo\Televideo.csproj", "{57A1539F-F216-4429-9A77-C66817DE2E0A}"
EndProject
Global
	GlobalSection(SolutionConfigurationPlatforms) = preSolution
		Debug|Any CPU = Debug|Any CPU
		Release|Any CPU = Release|Any CPU
	EndGlobalSection
	GlobalSection(ProjectConfigurationPlatforms) = postSolution
		{57A1539F-F216-4429-9A77-C66817DE2E0A}.Debug|Any CPU.ActiveCfg = Debug|Any CPU
		{57A1539F-F216-4429-9A77-C66817DE2E0A}.Debug|Any CPU.Build.0 = Debug|Any CPU
		{57A1539F-F216-4429-9A77-C66817DE2E0A}.Release|Any CPU.ActiveCfg = Release|Any CPU
		{57A1539F-F216-4429-9A77-C66817DE2E0A}.Release|Any CPU.Build.0 = Release|Any CPU
	EndGlobalSection
	GlobalSection(SolutionProperties) = preSolution
		HideSolutionNode = FALSE
	EndGlobalSection
	GlobalSection(ExtensibilityGlobals) = postSolution
		SolutionGuid = {B04C642C-47C5-4763-BA80-C0CEBC83A339}
	EndGlobalSection
EndGlobal
